{
  "version": 4,
  "terraform_version": "1.7.5",
  "serial": 26,
  "lineage": "134da9e2-2f8f-1b7d-ca15-8f7d7346927f",
  "outputs": {
    "gcci_agency_law": {
      "value": {
        "id": "/subscriptions/e22a351f-db36-4a02-9793-0f2189d5f3ab/resourceGroups/gcci-agency-law",
        "location": "southeastasia",
        "managed_by": "",
        "name": "gcci-agency-law",
        "tags": null,
        "timeouts": null
      },
      "type": [
        "object",
        {
          "id": "string",
          "location": "string",
          "managed_by": "string",
          "name": "string",
          "tags": [
            "map",
            "string"
          ],
          "timeouts": [
            "object",
            {
              "create": "string",
              "delete": "string",
              "read": "string",
              "update": "string"
            }
          ]
        }
      ]
    },
    "gcci_agency_workspace": {
      "value": {
        "id": "/subscriptions/e22a351f-db36-4a02-9793-0f2189d5f3ab/resourceGroups/gcci-agency-law/providers/Microsoft.OperationalInsights/workspaces/gcci-agency-workspace",
        "name": "gcci-agency-workspace"
      },
      "type": [
        "object",
        {
          "id": "string",
          "name": "string"
        }
      ]
    },
    "gcci_platform": {
      "value": {
        "id": "/subscriptions/e22a351f-db36-4a02-9793-0f2189d5f3ab/resourceGroups/gcci-platform",
        "location": "southeastasia",
        "managed_by": "",
        "name": "gcci-platform",
        "tags": null,
        "timeouts": null
      },
      "type": [
        "object",
        {
          "id": "string",
          "location": "string",
          "managed_by": "string",
          "name": "string",
          "tags": [
            "map",
            "string"
          ],
          "timeouts": [
            "object",
            {
              "create": "string",
              "delete": "string",
              "read": "string",
              "update": "string"
            }
          ]
        }
      ]
    },
    "hub_internet_egress": {
      "value": {
        "address_space": [
          "100.127.1.0/24"
        ],
        "bgp_community": "",
        "ddos_protection_plan": [],
        "dns_servers": [],
        "edge_zone": "",
        "encryption": [],
        "flow_timeout_in_minutes": 0,
        "guid": "b5441eb8-1215-42b8-8aed-e51f919873a1",
        "id": "/subscriptions/e22a351f-db36-4a02-9793-0f2189d5f3ab/resourceGroups/gcci-platform/providers/Microsoft.Network/virtualNetworks/gcci-vnet-egress-internet",
        "location": "southeastasia",
        "name": "gcci-vnet-egress-internet",
        "resource_group_name": "gcci-platform",
        "subnet": [],
        "tags": null,
        "timeouts": null
      },
      "type": [
        "object",
        {
          "address_space": [
            "list",
            "string"
          ],
          "bgp_community": "string",
          "ddos_protection_plan": [
            "list",
            [
              "object",
              {
                "enable": "bool",
                "id": "string"
              }
            ]
          ],
          "dns_servers": [
            "list",
            "string"
          ],
          "edge_zone": "string",
          "encryption": [
            "list",
            [
              "object",
              {
                "enforcement": "string"
              }
            ]
          ],
          "flow_timeout_in_minutes": "number",
          "guid": "string",
          "id": "string",
          "location": "string",
          "name": "string",
          "resource_group_name": "string",
          "subnet": [
            "set",
            [
              "object",
              {
                "address_prefix": "string",
                "id": "string",
                "name": "string",
                "security_group": "string"
              }
            ]
          ],
          "tags": [
            "map",
            "string"
          ],
          "timeouts": [
            "object",
            {
              "create": "string",
              "delete": "string",
              "read": "string",
              "update": "string"
            }
          ]
        }
      ]
    },
    "hub_internet_ingress": {
      "value": {
        "address_space": [
          "100.127.0.0/24"
        ],
        "bgp_community": "",
        "ddos_protection_plan": [],
        "dns_servers": [],
        "edge_zone": "",
        "encryption": [],
        "flow_timeout_in_minutes": 0,
        "guid": "8ebf3570-0853-4c6a-9110-e39d220399b7",
        "id": "/subscriptions/e22a351f-db36-4a02-9793-0f2189d5f3ab/resourceGroups/gcci-platform/providers/Microsoft.Network/virtualNetworks/gcci-vnet-ingress-internet",
        "location": "southeastasia",
        "name": "gcci-vnet-ingress-internet",
        "resource_group_name": "gcci-platform",
        "subnet": [],
        "tags": null,
        "timeouts": null
      },
      "type": [
        "object",
        {
          "address_space": [
            "list",
            "string"
          ],
          "bgp_community": "string",
          "ddos_protection_plan": [
            "list",
            [
              "object",
              {
                "enable": "bool",
                "id": "string"
              }
            ]
          ],
          "dns_servers": [
            "list",
            "string"
          ],
          "edge_zone": "string",
          "encryption": [
            "list",
            [
              "object",
              {
                "enforcement": "string"
              }
            ]
          ],
          "flow_timeout_in_minutes": "number",
          "guid": "string",
          "id": "string",
          "location": "string",
          "name": "string",
          "resource_group_name": "string",
          "subnet": [
            "set",
            [
              "object",
              {
                "address_prefix": "string",
                "id": "string",
                "name": "string",
                "security_group": "string"
              }
            ]
          ],
          "tags": [
            "map",
            "string"
          ],
          "timeouts": [
            "object",
            {
              "create": "string",
              "delete": "string",
              "read": "string",
              "update": "string"
            }
          ]
        }
      ]
    },
    "hub_intranet_egress": {
      "value": {
        "address_space": [
          "10.20.1.0/25"
        ],
        "bgp_community": "",
        "ddos_protection_plan": [],
        "dns_servers": [],
        "edge_zone": "",
        "encryption": [],
        "flow_timeout_in_minutes": 0,
        "guid": "48dd7f67-9598-448c-8fc6-71875a4d36b5",
        "id": "/subscriptions/e22a351f-db36-4a02-9793-0f2189d5f3ab/resourceGroups/gcci-platform/providers/Microsoft.Network/virtualNetworks/gcci-vnet-egress-intranet",
        "location": "southeastasia",
        "name": "gcci-vnet-egress-intranet",
        "resource_group_name": "gcci-platform",
        "subnet": [],
        "tags": null,
        "timeouts": null
      },
      "type": [
        "object",
        {
          "address_space": [
            "list",
            "string"
          ],
          "bgp_community": "string",
          "ddos_protection_plan": [
            "list",
            [
              "object",
              {
                "enable": "bool",
                "id": "string"
              }
            ]
          ],
          "dns_servers": [
            "list",
            "string"
          ],
          "edge_zone": "string",
          "encryption": [
            "list",
            [
              "object",
              {
                "enforcement": "string"
              }
            ]
          ],
          "flow_timeout_in_minutes": "number",
          "guid": "string",
          "id": "string",
          "location": "string",
          "name": "string",
          "resource_group_name": "string",
          "subnet": [
            "set",
            [
              "object",
              {
                "address_prefix": "string",
                "id": "string",
                "name": "string",
                "security_group": "string"
              }
            ]
          ],
          "tags": [
            "map",
            "string"
          ],
          "timeouts": [
            "object",
            {
              "create": "string",
              "delete": "string",
              "read": "string",
              "update": "string"
            }
          ]
        }
      ]
    },
    "hub_intranet_ingress": {
      "value": {
        "address_space": [
          "10.20.0.0/25"
        ],
        "bgp_community": "",
        "ddos_protection_plan": [],
        "dns_servers": [],
        "edge_zone": "",
        "encryption": [],
        "flow_timeout_in_minutes": 0,
        "guid": "2b770fe4-c11e-4b2a-bfac-181e3c908c20",
        "id": "/subscriptions/e22a351f-db36-4a02-9793-0f2189d5f3ab/resourceGroups/gcci-platform/providers/Microsoft.Network/virtualNetworks/gcci-vnet-ingress-intranet",
        "location": "southeastasia",
        "name": "gcci-vnet-ingress-intranet",
        "resource_group_name": "gcci-platform",
        "subnet": [],
        "tags": null,
        "timeouts": null
      },
      "type": [
        "object",
        {
          "address_space": [
            "list",
            "string"
          ],
          "bgp_community": "string",
          "ddos_protection_plan": [
            "list",
            [
              "object",
              {
                "enable": "bool",
                "id": "string"
              }
            ]
          ],
          "dns_servers": [
            "list",
            "string"
          ],
          "edge_zone": "string",
          "encryption": [
            "list",
            [
              "object",
              {
                "enforcement": "string"
              }
            ]
          ],
          "flow_timeout_in_minutes": "number",
          "guid": "string",
          "id": "string",
          "location": "string",
          "name": "string",
          "resource_group_name": "string",
          "subnet": [
            "set",
            [
              "object",
              {
                "address_prefix": "string",
                "id": "string",
                "name": "string",
                "security_group": "string"
              }
            ]
          ],
          "tags": [
            "map",
            "string"
          ],
          "timeouts": [
            "object",
            {
              "create": "string",
              "delete": "string",
              "read": "string",
              "update": "string"
            }
          ]
        }
      ]
    },
    "spoke_devops": {
      "value": {
        "address_space": [
          "100.127.4.0/24"
        ],
        "bgp_community": "",
        "ddos_protection_plan": [],
        "dns_servers": [],
        "edge_zone": "",
        "encryption": [],
        "flow_timeout_in_minutes": 0,
        "guid": "5efc855b-cc0c-4e17-9a08-69f1e5563cab",
        "id": "/subscriptions/e22a351f-db36-4a02-9793-0f2189d5f3ab/resourceGroups/gcci-platform/providers/Microsoft.Network/virtualNetworks/gcci-vnet-devops",
        "location": "southeastasia",
        "name": "gcci-vnet-devops",
        "resource_group_name": "gcci-platform",
        "subnet": [],
        "tags": null,
        "timeouts": null
      },
      "type": [
        "object",
        {
          "address_space": [
            "list",
            "string"
          ],
          "bgp_community": "string",
          "ddos_protection_plan": [
            "list",
            [
              "object",
              {
                "enable": "bool",
                "id": "string"
              }
            ]
          ],
          "dns_servers": [
            "list",
            "string"
          ],
          "edge_zone": "string",
          "encryption": [
            "list",
            [
              "object",
              {
                "enforcement": "string"
              }
            ]
          ],
          "flow_timeout_in_minutes": "number",
          "guid": "string",
          "id": "string",
          "location": "string",
          "name": "string",
          "resource_group_name": "string",
          "subnet": [
            "set",
            [
              "object",
              {
                "address_prefix": "string",
                "id": "string",
                "name": "string",
                "security_group": "string"
              }
            ]
          ],
          "tags": [
            "map",
            "string"
          ],
          "timeouts": [
            "object",
            {
              "create": "string",
              "delete": "string",
              "read": "string",
              "update": "string"
            }
          ]
        }
      ]
    },
    "spoke_management": {
      "value": {
        "address_space": [
          "100.127.3.0/24"
        ],
        "bgp_community": "",
        "ddos_protection_plan": [],
        "dns_servers": [],
        "edge_zone": "",
        "encryption": [],
        "flow_timeout_in_minutes": 0,
        "guid": "2f83ba2f-8bbd-4e78-af99-cccf682edf0d",
        "id": "/subscriptions/e22a351f-db36-4a02-9793-0f2189d5f3ab/resourceGroups/gcci-platform/providers/Microsoft.Network/virtualNetworks/gcci-vnet-management",
        "location": "southeastasia",
        "name": "gcci-vnet-management",
        "resource_group_name": "gcci-platform",
        "subnet": [],
        "tags": null,
        "timeouts": null
      },
      "type": [
        "object",
        {
          "address_space": [
            "list",
            "string"
          ],
          "bgp_community": "string",
          "ddos_protection_plan": [
            "list",
            [
              "object",
              {
                "enable": "bool",
                "id": "string"
              }
            ]
          ],
          "dns_servers": [
            "list",
            "string"
          ],
          "edge_zone": "string",
          "encryption": [
            "list",
            [
              "object",
              {
                "enforcement": "string"
              }
            ]
          ],
          "flow_timeout_in_minutes": "number",
          "guid": "string",
          "id": "string",
          "location": "string",
          "name": "string",
          "resource_group_name": "string",
          "subnet": [
            "set",
            [
              "object",
              {
                "address_prefix": "string",
                "id": "string",
                "name": "string",
                "security_group": "string"
              }
            ]
          ],
          "tags": [
            "map",
            "string"
          ],
          "timeouts": [
            "object",
            {
              "create": "string",
              "delete": "string",
              "read": "string",
              "update": "string"
            }
          ]
        }
      ]
    },
    "spoke_project": {
      "value": {
        "address_space": [
          "100.64.0.0/23"
        ],
        "bgp_community": "",
        "ddos_protection_plan": [],
        "dns_servers": [],
        "edge_zone": "",
        "encryption": [],
        "flow_timeout_in_minutes": 0,
        "guid": "a0f59528-0704-4819-a11d-af77487f92a4",
        "id": "/subscriptions/e22a351f-db36-4a02-9793-0f2189d5f3ab/resourceGroups/gcci-platform/providers/Microsoft.Network/virtualNetworks/gcci-vnet-project",
        "location": "southeastasia",
        "name": "gcci-vnet-project",
        "resource_group_name": "gcci-platform",
        "subnet": [],
        "tags": null,
        "timeouts": null
      },
      "type": [
        "object",
        {
          "address_space": [
            "list",
            "string"
          ],
          "bgp_community": "string",
          "ddos_protection_plan": [
            "list",
            [
              "object",
              {
                "enable": "bool",
                "id": "string"
              }
            ]
          ],
          "dns_servers": [
            "list",
            "string"
          ],
          "edge_zone": "string",
          "encryption": [
            "list",
            [
              "object",
              {
                "enforcement": "string"
              }
            ]
          ],
          "flow_timeout_in_minutes": "number",
          "guid": "string",
          "id": "string",
          "location": "string",
          "name": "string",
          "resource_group_name": "string",
          "subnet": [
            "set",
            [
              "object",
              {
                "address_prefix": "string",
                "id": "string",
                "name": "string",
                "security_group": "string"
              }
            ]
          ],
          "tags": [
            "map",
            "string"
          ],
          "timeouts": [
            "object",
            {
              "create": "string",
              "delete": "string",
              "read": "string",
              "update": "string"
            }
          ]
        }
      ]
    }
  },
  "resources": [
    {
      "mode": "data",
      "type": "azurerm_client_config",
      "name": "current",
      "provider": "provider[\"registry.terraform.io/hashicorp/azurerm\"]",
      "instances": [
        {
          "schema_version": 0,
          "attributes": {
            "client_id": "04b07795-8ddb-461a-bbee-02f9e1bf7b46",
            "id": "Y2xpZW50Q29uZmlncy9jbGllbnRJZD0wNGIwNzc5NS04ZGRiLTQ2MWEtYmJlZS0wMmY5ZTFiZjdiNDY7b2JqZWN0SWQ9NGI3MzJmZTItODk0Ny00YTgzLWIzZmQtMzAzMjdmNGM2ODdkO3N1YnNjcmlwdGlvbklkPWUyMmEzNTFmLWRiMzYtNGEwMi05NzkzLTBmMjE4OWQ1ZjNhYjt0ZW5hbnRJZD1mMGY0NTU4Ny1mMjM0LTQ2MGQtOTU3MS1kNTg4ZWFlOTVkMjM=",
            "object_id": "4b732fe2-8947-4a83-b3fd-30327f4c687d",
            "subscription_id": "e22a351f-db36-4a02-9793-0f2189d5f3ab",
            "tenant_id": "f0f45587-f234-460d-9571-d588eae95d23",
            "timeouts": null
          },
          "sensitive_attributes": []
        }
      ]
    },
    {
      "mode": "managed",
      "type": "azurerm_resource_group",
      "name": "gcci_agency_law",
      "provider": "provider[\"registry.terraform.io/hashicorp/azurerm\"]",
      "instances": [
        {
          "schema_version": 0,
          "attributes": {
            "id": "/subscriptions/e22a351f-db36-4a02-9793-0f2189d5f3ab/resourceGroups/gcci-agency-law",
            "location": "southeastasia",
            "managed_by": "",
            "name": "gcci-agency-law",
            "tags": null,
            "timeouts": null
          },
          "sensitive_attributes": [],
          "private": "eyJlMmJmYjczMC1lY2FhLTExZTYtOGY4OC0zNDM2M2JjN2M0YzAiOnsiY3JlYXRlIjo1NDAwMDAwMDAwMDAwLCJkZWxldGUiOjU0MDAwMDAwMDAwMDAsInJlYWQiOjMwMDAwMDAwMDAwMCwidXBkYXRlIjo1NDAwMDAwMDAwMDAwfX0="
        }
      ]
    },
    {
      "mode": "managed",
      "type": "azurerm_resource_group",
      "name": "this",
      "provider": "provider[\"registry.terraform.io/hashicorp/azurerm\"]",
      "instances": [
        {
          "schema_version": 0,
          "attributes": {
            "id": "/subscriptions/e22a351f-db36-4a02-9793-0f2189d5f3ab/resourceGroups/gcci-platform",
            "location": "southeastasia",
            "managed_by": "",
            "name": "gcci-platform",
            "tags": null,
            "timeouts": null
          },
          "sensitive_attributes": [],
          "private": "eyJlMmJmYjczMC1lY2FhLTExZTYtOGY4OC0zNDM2M2JjN2M0YzAiOnsiY3JlYXRlIjo1NDAwMDAwMDAwMDAwLCJkZWxldGUiOjU0MDAwMDAwMDAwMDAsInJlYWQiOjMwMDAwMDAwMDAwMCwidXBkYXRlIjo1NDAwMDAwMDAwMDAwfX0="
        }
      ]
    },
    {
      "mode": "managed",
      "type": "random_string",
      "name": "this",
      "provider": "provider[\"registry.terraform.io/hashicorp/random\"]",
      "instances": [
        {
          "schema_version": 2,
          "attributes": {
            "id": "jpgq1k",
            "keepers": null,
            "length": 6,
            "lower": true,
            "min_lower": 0,
            "min_numeric": 0,
            "min_special": 0,
            "min_upper": 0,
            "number": true,
            "numeric": true,
            "override_special": null,
            "result": "jpgq1k",
            "special": false,
            "upper": false
          },
          "sensitive_attributes": []
        }
      ]
    },
    {
      "module": "module.log_analytics_workspace",
      "mode": "managed",
      "type": "azurerm_log_analytics_solution",
      "name": "la_solution",
      "provider": "provider[\"registry.terraform.io/hashicorp/azurerm\"]",
      "instances": [
        {
          "index_key": "ContainerInsights",
          "schema_version": 1,
          "attributes": {
            "id": "/subscriptions/e22a351f-db36-4a02-9793-0f2189d5f3ab/resourceGroups/gcci-agency-law/providers/Microsoft.OperationsManagement/solutions/ContainerInsights(gcci-agency-workspace)",
            "location": "southeastasia",
            "plan": [
              {
                "name": "ContainerInsights(gcci-agency-workspace)",
                "product": "OMSGallery/ContainerInsights",
                "promotion_code": "",
                "publisher": "Microsoft"
              }
            ],
            "resource_group_name": "gcci-agency-law",
            "solution_name": "ContainerInsights",
            "tags": null,
            "timeouts": null,
            "workspace_name": "gcci-agency-workspace",
            "workspace_resource_id": "/subscriptions/e22a351f-db36-4a02-9793-0f2189d5f3ab/resourceGroups/gcci-agency-law/providers/Microsoft.OperationalInsights/workspaces/gcci-agency-workspace"
          },
          "sensitive_attributes": [],
          "private": "eyJlMmJmYjczMC1lY2FhLTExZTYtOGY4OC0zNDM2M2JjN2M0YzAiOnsiY3JlYXRlIjoxODAwMDAwMDAwMDAwLCJkZWxldGUiOjE4MDAwMDAwMDAwMDAsInJlYWQiOjMwMDAwMDAwMDAwMCwidXBkYXRlIjoxODAwMDAwMDAwMDAwfSwic2NoZW1hX3ZlcnNpb24iOiIxIn0=",
          "dependencies": [
            "azurerm_resource_group.gcci_agency_law",
            "module.log_analytics_workspace.azurerm_log_analytics_workspace.log_analytics_workspace"
          ]
        }
      ]
    },
    {
      "module": "module.log_analytics_workspace",
      "mode": "managed",
      "type": "azurerm_log_analytics_workspace",
      "name": "log_analytics_workspace",
      "provider": "provider[\"registry.terraform.io/hashicorp/azurerm\"]",
      "instances": [
        {
          "schema_version": 3,
          "attributes": {
            "allow_resource_only_permissions": true,
            "cmk_for_query_forced": false,
            "daily_quota_gb": -1,
            "data_collection_rule_id": "",
            "id": "/subscriptions/e22a351f-db36-4a02-9793-0f2189d5f3ab/resourceGroups/gcci-agency-law/providers/Microsoft.OperationalInsights/workspaces/gcci-agency-workspace",
            "identity": [],
            "immediate_data_purge_on_30_days_enabled": false,
            "internet_ingestion_enabled": true,
            "internet_query_enabled": true,
            "local_authentication_disabled": false,
            "location": "southeastasia",
            "name": "gcci-agency-workspace",
            "primary_shared_key": "LlburRJpMnw3DnhuMaj3M5uExFr/KOdvjJizHHjvIOXaaQmCeGGkicWHyx3lbxpGIzSJ8GqawekgwIrdMLnwsQ==",
            "reservation_capacity_in_gb_per_day": null,
            "resource_group_name": "gcci-agency-law",
            "retention_in_days": 30,
            "secondary_shared_key": "smv3HoC3AetD0v7CngvQSzt8cfvk5GFu7rUSLIilCqkHSi1kT2n4MSy993uk4CCvzCEb8D+7optYOCoGdT8ZEg==",
            "sku": "PerGB2018",
            "tags": {
              "createdWith": "Terraform"
            },
            "timeouts": null,
            "workspace_id": "91cb8334-d2a0-4df6-8508-9d74a3b0ec7c"
          },
          "sensitive_attributes": [],
          "private": "eyJlMmJmYjczMC1lY2FhLTExZTYtOGY4OC0zNDM2M2JjN2M0YzAiOnsiY3JlYXRlIjoxODAwMDAwMDAwMDAwLCJkZWxldGUiOjE4MDAwMDAwMDAwMDAsInJlYWQiOjMwMDAwMDAwMDAwMCwidXBkYXRlIjoxODAwMDAwMDAwMDAwfSwic2NoZW1hX3ZlcnNpb24iOiIzIn0=",
          "dependencies": [
            "azurerm_resource_group.gcci_agency_law"
          ]
        }
      ]
    },
    {
      "module": "module.naming",
      "mode": "managed",
      "type": "random_string",
      "name": "first_letter",
      "provider": "provider[\"registry.terraform.io/hashicorp/random\"]",
      "instances": [
        {
          "schema_version": 2,
          "attributes": {
            "id": "e",
            "keepers": null,
            "length": 1,
            "lower": true,
            "min_lower": 0,
            "min_numeric": 0,
            "min_special": 0,
            "min_upper": 0,
            "number": false,
            "numeric": false,
            "override_special": null,
            "result": "e",
            "special": false,
            "upper": false
          },
          "sensitive_attributes": []
        }
      ]
    },
    {
      "module": "module.naming",
      "mode": "managed",
      "type": "random_string",
      "name": "main",
      "provider": "provider[\"registry.terraform.io/hashicorp/random\"]",
      "instances": [
        {
          "schema_version": 2,
          "attributes": {
            "id": "ovhffwtdzvfmxjdchaarcicvtimueqypzcptgcjxlvrtkevcjnkqtrllxosr",
            "keepers": null,
            "length": 60,
            "lower": true,
            "min_lower": 0,
            "min_numeric": 0,
            "min_special": 0,
            "min_upper": 0,
            "number": false,
            "numeric": false,
            "override_special": null,
            "result": "ovhffwtdzvfmxjdchaarcicvtimueqypzcptgcjxlvrtkevcjnkqtrllxosr",
            "special": false,
            "upper": false
          },
          "sensitive_attributes": []
        }
      ]
    },
    {
      "module": "module.virtualnetwork_devops",
      "mode": "managed",
      "type": "azurerm_resource_group_template_deployment",
      "name": "telemetry",
      "provider": "provider[\"registry.terraform.io/hashicorp/azurerm\"]",
      "instances": [
        {
          "index_key": 0,
          "schema_version": 0,
          "attributes": {
            "debug_level": "",
            "deployment_mode": "Incremental",
            "id": "/subscriptions/e22a351f-db36-4a02-9793-0f2189d5f3ab/resourceGroups/gcci-platform/providers/Microsoft.Resources/deployments/46d3xgtf.res.CHANGEME.v0-0-1.99f5b792",
            "name": "46d3xgtf.res.CHANGEME.v0-0-1.99f5b792",
            "output_content": "{\"telemetry\":{\"type\":\"String\",\"value\":\"For more information, see https://aka.ms/avm/telemetry\"}}",
            "parameters_content": "{}",
            "resource_group_name": "gcci-platform",
            "tags": null,
            "template_content": "{\"$schema\":\"https://schema.management.azure.com/schemas/2019-04-01/deploymentTemplate.json#\",\"contentVersion\":\"1.0.0.0\",\"outputs\":{\"telemetry\":{\"type\":\"String\",\"value\":\"For more information, see https://aka.ms/avm/telemetry\"}},\"parameters\":{},\"resources\":[],\"variables\":{}}",
            "template_spec_version_id": "",
            "timeouts": null
          },
          "sensitive_attributes": [],
          "private": "eyJlMmJmYjczMC1lY2FhLTExZTYtOGY4OC0zNDM2M2JjN2M0YzAiOnsiY3JlYXRlIjoxMDgwMDAwMDAwMDAwMCwiZGVsZXRlIjoxMDgwMDAwMDAwMDAwMCwicmVhZCI6MzAwMDAwMDAwMDAwLCJ1cGRhdGUiOjEwODAwMDAwMDAwMDAwfX0=",
          "dependencies": [
            "azurerm_resource_group.this",
            "module.virtualnetwork_devops.random_id.telem"
          ]
        }
      ]
    },
    {
      "module": "module.virtualnetwork_devops",
      "mode": "managed",
      "type": "azurerm_virtual_network",
      "name": "vnet",
      "provider": "provider[\"registry.terraform.io/hashicorp/azurerm\"]",
      "instances": [
        {
          "schema_version": 0,
          "attributes": {
            "address_space": [
              "100.127.4.0/24"
            ],
            "bgp_community": "",
            "ddos_protection_plan": [],
            "dns_servers": [],
            "edge_zone": "",
            "encryption": [],
            "flow_timeout_in_minutes": 0,
            "guid": "5efc855b-cc0c-4e17-9a08-69f1e5563cab",
            "id": "/subscriptions/e22a351f-db36-4a02-9793-0f2189d5f3ab/resourceGroups/gcci-platform/providers/Microsoft.Network/virtualNetworks/gcci-vnet-devops",
            "location": "southeastasia",
            "name": "gcci-vnet-devops",
            "resource_group_name": "gcci-platform",
            "subnet": [],
            "tags": null,
            "timeouts": null
          },
          "sensitive_attributes": [],
          "private": "eyJlMmJmYjczMC1lY2FhLTExZTYtOGY4OC0zNDM2M2JjN2M0YzAiOnsiY3JlYXRlIjoxODAwMDAwMDAwMDAwLCJkZWxldGUiOjE4MDAwMDAwMDAwMDAsInJlYWQiOjMwMDAwMDAwMDAwMCwidXBkYXRlIjoxODAwMDAwMDAwMDAwfX0=",
          "dependencies": [
            "azurerm_resource_group.this"
          ]
        }
      ]
    },
    {
      "module": "module.virtualnetwork_devops",
      "mode": "managed",
      "type": "random_id",
      "name": "telem",
      "provider": "provider[\"registry.terraform.io/hashicorp/random\"]",
      "instances": [
        {
          "index_key": 0,
          "schema_version": 0,
          "attributes": {
            "b64_std": "mfW3kg==",
            "b64_url": "mfW3kg",
            "byte_length": 4,
            "dec": "2583017362",
            "hex": "99f5b792",
            "id": "mfW3kg",
            "keepers": null,
            "prefix": null
          },
          "sensitive_attributes": []
        }
      ]
    },
    {
      "module": "module.virtualnetwork_hub_internet_egress",
      "mode": "managed",
      "type": "azurerm_resource_group_template_deployment",
      "name": "telemetry",
      "provider": "provider[\"registry.terraform.io/hashicorp/azurerm\"]",
      "instances": [
        {
          "index_key": 0,
          "schema_version": 0,
          "attributes": {
            "debug_level": "",
            "deployment_mode": "Incremental",
            "id": "/subscriptions/e22a351f-db36-4a02-9793-0f2189d5f3ab/resourceGroups/gcci-platform/providers/Microsoft.Resources/deployments/46d3xgtf.res.CHANGEME.v0-0-1.51bed3e9",
            "name": "46d3xgtf.res.CHANGEME.v0-0-1.51bed3e9",
            "output_content": "{\"telemetry\":{\"type\":\"String\",\"value\":\"For more information, see https://aka.ms/avm/telemetry\"}}",
            "parameters_content": "{}",
            "resource_group_name": "gcci-platform",
            "tags": null,
            "template_content": "{\"$schema\":\"https://schema.management.azure.com/schemas/2019-04-01/deploymentTemplate.json#\",\"contentVersion\":\"1.0.0.0\",\"outputs\":{\"telemetry\":{\"type\":\"String\",\"value\":\"For more information, see https://aka.ms/avm/telemetry\"}},\"parameters\":{},\"resources\":[],\"variables\":{}}",
            "template_spec_version_id": "",
            "timeouts": null
          },
          "sensitive_attributes": [],
          "private": "eyJlMmJmYjczMC1lY2FhLTExZTYtOGY4OC0zNDM2M2JjN2M0YzAiOnsiY3JlYXRlIjoxMDgwMDAwMDAwMDAwMCwiZGVsZXRlIjoxMDgwMDAwMDAwMDAwMCwicmVhZCI6MzAwMDAwMDAwMDAwLCJ1cGRhdGUiOjEwODAwMDAwMDAwMDAwfX0=",
          "dependencies": [
            "azurerm_resource_group.this",
            "module.virtualnetwork_hub_internet_egress.random_id.telem"
          ]
        }
      ]
    },
    {
      "module": "module.virtualnetwork_hub_internet_egress",
      "mode": "managed",
      "type": "azurerm_virtual_network",
      "name": "vnet",
      "provider": "provider[\"registry.terraform.io/hashicorp/azurerm\"]",
      "instances": [
        {
          "schema_version": 0,
          "attributes": {
            "address_space": [
              "100.127.1.0/24"
            ],
            "bgp_community": "",
            "ddos_protection_plan": [],
            "dns_servers": [],
            "edge_zone": "",
            "encryption": [],
            "flow_timeout_in_minutes": 0,
            "guid": "b5441eb8-1215-42b8-8aed-e51f919873a1",
            "id": "/subscriptions/e22a351f-db36-4a02-9793-0f2189d5f3ab/resourceGroups/gcci-platform/providers/Microsoft.Network/virtualNetworks/gcci-vnet-egress-internet",
            "location": "southeastasia",
            "name": "gcci-vnet-egress-internet",
            "resource_group_name": "gcci-platform",
            "subnet": [],
            "tags": null,
            "timeouts": null
          },
          "sensitive_attributes": [],
          "private": "eyJlMmJmYjczMC1lY2FhLTExZTYtOGY4OC0zNDM2M2JjN2M0YzAiOnsiY3JlYXRlIjoxODAwMDAwMDAwMDAwLCJkZWxldGUiOjE4MDAwMDAwMDAwMDAsInJlYWQiOjMwMDAwMDAwMDAwMCwidXBkYXRlIjoxODAwMDAwMDAwMDAwfX0=",
          "dependencies": [
            "azurerm_resource_group.this"
          ]
        }
      ]
    },
    {
      "module": "module.virtualnetwork_hub_internet_egress",
      "mode": "managed",
      "type": "random_id",
      "name": "telem",
      "provider": "provider[\"registry.terraform.io/hashicorp/random\"]",
      "instances": [
        {
          "index_key": 0,
          "schema_version": 0,
          "attributes": {
            "b64_std": "Ub7T6Q==",
            "b64_url": "Ub7T6Q",
            "byte_length": 4,
            "dec": "1371460585",
            "hex": "51bed3e9",
            "id": "Ub7T6Q",
            "keepers": null,
            "prefix": null
          },
          "sensitive_attributes": []
        }
      ]
    },
    {
      "module": "module.virtualnetwork_hub_internet_ingress",
      "mode": "managed",
      "type": "azurerm_resource_group_template_deployment",
      "name": "telemetry",
      "provider": "provider[\"registry.terraform.io/hashicorp/azurerm\"]",
      "instances": [
        {
          "index_key": 0,
          "schema_version": 0,
          "attributes": {
            "debug_level": "",
            "deployment_mode": "Incremental",
            "id": "/subscriptions/e22a351f-db36-4a02-9793-0f2189d5f3ab/resourceGroups/gcci-platform/providers/Microsoft.Resources/deployments/46d3xgtf.res.CHANGEME.v0-0-1.094a0cb9",
            "name": "46d3xgtf.res.CHANGEME.v0-0-1.094a0cb9",
            "output_content": "{\"telemetry\":{\"type\":\"String\",\"value\":\"For more information, see https://aka.ms/avm/telemetry\"}}",
            "parameters_content": "{}",
            "resource_group_name": "gcci-platform",
            "tags": null,
            "template_content": "{\"$schema\":\"https://schema.management.azure.com/schemas/2019-04-01/deploymentTemplate.json#\",\"contentVersion\":\"1.0.0.0\",\"outputs\":{\"telemetry\":{\"type\":\"String\",\"value\":\"For more information, see https://aka.ms/avm/telemetry\"}},\"parameters\":{},\"resources\":[],\"variables\":{}}",
            "template_spec_version_id": "",
            "timeouts": null
          },
          "sensitive_attributes": [],
          "private": "eyJlMmJmYjczMC1lY2FhLTExZTYtOGY4OC0zNDM2M2JjN2M0YzAiOnsiY3JlYXRlIjoxMDgwMDAwMDAwMDAwMCwiZGVsZXRlIjoxMDgwMDAwMDAwMDAwMCwicmVhZCI6MzAwMDAwMDAwMDAwLCJ1cGRhdGUiOjEwODAwMDAwMDAwMDAwfX0=",
          "dependencies": [
            "azurerm_resource_group.this",
            "module.virtualnetwork_hub_internet_ingress.random_id.telem"
          ]
        }
      ]
    },
    {
      "module": "module.virtualnetwork_hub_internet_ingress",
      "mode": "managed",
      "type": "azurerm_virtual_network",
      "name": "vnet",
      "provider": "provider[\"registry.terraform.io/hashicorp/azurerm\"]",
      "instances": [
        {
          "schema_version": 0,
          "attributes": {
            "address_space": [
              "100.127.0.0/24"
            ],
            "bgp_community": "",
            "ddos_protection_plan": [],
            "dns_servers": [],
            "edge_zone": "",
            "encryption": [],
            "flow_timeout_in_minutes": 0,
            "guid": "8ebf3570-0853-4c6a-9110-e39d220399b7",
            "id": "/subscriptions/e22a351f-db36-4a02-9793-0f2189d5f3ab/resourceGroups/gcci-platform/providers/Microsoft.Network/virtualNetworks/gcci-vnet-ingress-internet",
            "location": "southeastasia",
            "name": "gcci-vnet-ingress-internet",
            "resource_group_name": "gcci-platform",
            "subnet": [],
            "tags": null,
            "timeouts": null
          },
          "sensitive_attributes": [],
          "private": "eyJlMmJmYjczMC1lY2FhLTExZTYtOGY4OC0zNDM2M2JjN2M0YzAiOnsiY3JlYXRlIjoxODAwMDAwMDAwMDAwLCJkZWxldGUiOjE4MDAwMDAwMDAwMDAsInJlYWQiOjMwMDAwMDAwMDAwMCwidXBkYXRlIjoxODAwMDAwMDAwMDAwfX0=",
          "dependencies": [
            "azurerm_resource_group.this"
          ]
        }
      ]
    },
    {
      "module": "module.virtualnetwork_hub_internet_ingress",
      "mode": "managed",
      "type": "random_id",
      "name": "telem",
      "provider": "provider[\"registry.terraform.io/hashicorp/random\"]",
      "instances": [
        {
          "index_key": 0,
          "schema_version": 0,
          "attributes": {
            "b64_std": "CUoMuQ==",
            "b64_url": "CUoMuQ",
            "byte_length": 4,
            "dec": "155847865",
            "hex": "094a0cb9",
            "id": "CUoMuQ",
            "keepers": null,
            "prefix": null
          },
          "sensitive_attributes": []
        }
      ]
    },
    {
      "module": "module.virtualnetwork_hub_intranet_egress",
      "mode": "managed",
      "type": "azurerm_resource_group_template_deployment",
      "name": "telemetry",
      "provider": "provider[\"registry.terraform.io/hashicorp/azurerm\"]",
      "instances": [
        {
          "index_key": 0,
          "schema_version": 0,
          "attributes": {
            "debug_level": "",
            "deployment_mode": "Incremental",
            "id": "/subscriptions/e22a351f-db36-4a02-9793-0f2189d5f3ab/resourceGroups/gcci-platform/providers/Microsoft.Resources/deployments/46d3xgtf.res.CHANGEME.v0-0-1.97dfabc1",
            "name": "46d3xgtf.res.CHANGEME.v0-0-1.97dfabc1",
            "output_content": "{\"telemetry\":{\"type\":\"String\",\"value\":\"For more information, see https://aka.ms/avm/telemetry\"}}",
            "parameters_content": "{}",
            "resource_group_name": "gcci-platform",
            "tags": null,
            "template_content": "{\"$schema\":\"https://schema.management.azure.com/schemas/2019-04-01/deploymentTemplate.json#\",\"contentVersion\":\"1.0.0.0\",\"outputs\":{\"telemetry\":{\"type\":\"String\",\"value\":\"For more information, see https://aka.ms/avm/telemetry\"}},\"parameters\":{},\"resources\":[],\"variables\":{}}",
            "template_spec_version_id": "",
            "timeouts": null
          },
          "sensitive_attributes": [],
          "private": "eyJlMmJmYjczMC1lY2FhLTExZTYtOGY4OC0zNDM2M2JjN2M0YzAiOnsiY3JlYXRlIjoxMDgwMDAwMDAwMDAwMCwiZGVsZXRlIjoxMDgwMDAwMDAwMDAwMCwicmVhZCI6MzAwMDAwMDAwMDAwLCJ1cGRhdGUiOjEwODAwMDAwMDAwMDAwfX0=",
          "dependencies": [
            "azurerm_resource_group.this",
            "module.virtualnetwork_hub_intranet_egress.random_id.telem"
          ]
        }
      ]
    },
    {
      "module": "module.virtualnetwork_hub_intranet_egress",
      "mode": "managed",
      "type": "azurerm_virtual_network",
      "name": "vnet",
      "provider": "provider[\"registry.terraform.io/hashicorp/azurerm\"]",
      "instances": [
        {
          "schema_version": 0,
          "attributes": {
            "address_space": [
              "10.20.1.0/25"
            ],
            "bgp_community": "",
            "ddos_protection_plan": [],
            "dns_servers": [],
            "edge_zone": "",
            "encryption": [],
            "flow_timeout_in_minutes": 0,
            "guid": "48dd7f67-9598-448c-8fc6-71875a4d36b5",
            "id": "/subscriptions/e22a351f-db36-4a02-9793-0f2189d5f3ab/resourceGroups/gcci-platform/providers/Microsoft.Network/virtualNetworks/gcci-vnet-egress-intranet",
            "location": "southeastasia",
            "name": "gcci-vnet-egress-intranet",
            "resource_group_name": "gcci-platform",
            "subnet": [],
            "tags": null,
            "timeouts": null
          },
          "sensitive_attributes": [],
          "private": "eyJlMmJmYjczMC1lY2FhLTExZTYtOGY4OC0zNDM2M2JjN2M0YzAiOnsiY3JlYXRlIjoxODAwMDAwMDAwMDAwLCJkZWxldGUiOjE4MDAwMDAwMDAwMDAsInJlYWQiOjMwMDAwMDAwMDAwMCwidXBkYXRlIjoxODAwMDAwMDAwMDAwfX0=",
          "dependencies": [
            "azurerm_resource_group.this"
          ]
        }
      ]
    },
    {
      "module": "module.virtualnetwork_hub_intranet_egress",
      "mode": "managed",
      "type": "random_id",
      "name": "telem",
      "provider": "provider[\"registry.terraform.io/hashicorp/random\"]",
      "instances": [
        {
          "index_key": 0,
          "schema_version": 0,
          "attributes": {
            "b64_std": "l9+rwQ==",
            "b64_url": "l9-rwQ",
            "byte_length": 4,
            "dec": "2548018113",
            "hex": "97dfabc1",
            "id": "l9-rwQ",
            "keepers": null,
            "prefix": null
          },
          "sensitive_attributes": []
        }
      ]
    },
    {
      "module": "module.virtualnetwork_hub_intranet_ingress",
      "mode": "managed",
      "type": "azurerm_resource_group_template_deployment",
      "name": "telemetry",
      "provider": "provider[\"registry.terraform.io/hashicorp/azurerm\"]",
      "instances": [
        {
          "index_key": 0,
          "schema_version": 0,
          "attributes": {
            "debug_level": "",
            "deployment_mode": "Incremental",
            "id": "/subscriptions/e22a351f-db36-4a02-9793-0f2189d5f3ab/resourceGroups/gcci-platform/providers/Microsoft.Resources/deployments/46d3xgtf.res.CHANGEME.v0-0-1.57cf3c48",
            "name": "46d3xgtf.res.CHANGEME.v0-0-1.57cf3c48",
            "output_content": "{\"telemetry\":{\"type\":\"String\",\"value\":\"For more information, see https://aka.ms/avm/telemetry\"}}",
            "parameters_content": "{}",
            "resource_group_name": "gcci-platform",
            "tags": null,
            "template_content": "{\"$schema\":\"https://schema.management.azure.com/schemas/2019-04-01/deploymentTemplate.json#\",\"contentVersion\":\"1.0.0.0\",\"outputs\":{\"telemetry\":{\"type\":\"String\",\"value\":\"For more information, see https://aka.ms/avm/telemetry\"}},\"parameters\":{},\"resources\":[],\"variables\":{}}",
            "template_spec_version_id": "",
            "timeouts": null
          },
          "sensitive_attributes": [],
          "private": "eyJlMmJmYjczMC1lY2FhLTExZTYtOGY4OC0zNDM2M2JjN2M0YzAiOnsiY3JlYXRlIjoxMDgwMDAwMDAwMDAwMCwiZGVsZXRlIjoxMDgwMDAwMDAwMDAwMCwicmVhZCI6MzAwMDAwMDAwMDAwLCJ1cGRhdGUiOjEwODAwMDAwMDAwMDAwfX0=",
          "dependencies": [
            "azurerm_resource_group.this",
            "module.virtualnetwork_hub_intranet_ingress.random_id.telem"
          ]
        }
      ]
    },
    {
      "module": "module.virtualnetwork_hub_intranet_ingress",
      "mode": "managed",
      "type": "azurerm_virtual_network",
      "name": "vnet",
      "provider": "provider[\"registry.terraform.io/hashicorp/azurerm\"]",
      "instances": [
        {
          "schema_version": 0,
          "attributes": {
            "address_space": [
              "10.20.0.0/25"
            ],
            "bgp_community": "",
            "ddos_protection_plan": [],
            "dns_servers": [],
            "edge_zone": "",
            "encryption": [],
            "flow_timeout_in_minutes": 0,
            "guid": "2b770fe4-c11e-4b2a-bfac-181e3c908c20",
            "id": "/subscriptions/e22a351f-db36-4a02-9793-0f2189d5f3ab/resourceGroups/gcci-platform/providers/Microsoft.Network/virtualNetworks/gcci-vnet-ingress-intranet",
            "location": "southeastasia",
            "name": "gcci-vnet-ingress-intranet",
            "resource_group_name": "gcci-platform",
            "subnet": [],
            "tags": null,
            "timeouts": null
          },
          "sensitive_attributes": [],
          "private": "eyJlMmJmYjczMC1lY2FhLTExZTYtOGY4OC0zNDM2M2JjN2M0YzAiOnsiY3JlYXRlIjoxODAwMDAwMDAwMDAwLCJkZWxldGUiOjE4MDAwMDAwMDAwMDAsInJlYWQiOjMwMDAwMDAwMDAwMCwidXBkYXRlIjoxODAwMDAwMDAwMDAwfX0=",
          "dependencies": [
            "azurerm_resource_group.this"
          ]
        }
      ]
    },
    {
      "module": "module.virtualnetwork_hub_intranet_ingress",
      "mode": "managed",
      "type": "random_id",
      "name": "telem",
      "provider": "provider[\"registry.terraform.io/hashicorp/random\"]",
      "instances": [
        {
          "index_key": 0,
          "schema_version": 0,
          "attributes": {
            "b64_std": "V888SA==",
            "b64_url": "V888SA",
            "byte_length": 4,
            "dec": "1473199176",
            "hex": "57cf3c48",
            "id": "V888SA",
            "keepers": null,
            "prefix": null
          },
          "sensitive_attributes": []
        }
      ]
    },
    {
      "module": "module.virtualnetwork_management",
      "mode": "managed",
      "type": "azurerm_resource_group_template_deployment",
      "name": "telemetry",
      "provider": "provider[\"registry.terraform.io/hashicorp/azurerm\"]",
      "instances": [
        {
          "index_key": 0,
          "schema_version": 0,
          "attributes": {
            "debug_level": "",
            "deployment_mode": "Incremental",
            "id": "/subscriptions/e22a351f-db36-4a02-9793-0f2189d5f3ab/resourceGroups/gcci-platform/providers/Microsoft.Resources/deployments/46d3xgtf.res.CHANGEME.v0-0-1.e292b95a",
            "name": "46d3xgtf.res.CHANGEME.v0-0-1.e292b95a",
            "output_content": "{\"telemetry\":{\"type\":\"String\",\"value\":\"For more information, see https://aka.ms/avm/telemetry\"}}",
            "parameters_content": "{}",
            "resource_group_name": "gcci-platform",
            "tags": null,
            "template_content": "{\"$schema\":\"https://schema.management.azure.com/schemas/2019-04-01/deploymentTemplate.json#\",\"contentVersion\":\"1.0.0.0\",\"outputs\":{\"telemetry\":{\"type\":\"String\",\"value\":\"For more information, see https://aka.ms/avm/telemetry\"}},\"parameters\":{},\"resources\":[],\"variables\":{}}",
            "template_spec_version_id": "",
            "timeouts": null
          },
          "sensitive_attributes": [],
          "private": "eyJlMmJmYjczMC1lY2FhLTExZTYtOGY4OC0zNDM2M2JjN2M0YzAiOnsiY3JlYXRlIjoxMDgwMDAwMDAwMDAwMCwiZGVsZXRlIjoxMDgwMDAwMDAwMDAwMCwicmVhZCI6MzAwMDAwMDAwMDAwLCJ1cGRhdGUiOjEwODAwMDAwMDAwMDAwfX0=",
          "dependencies": [
            "azurerm_resource_group.this",
            "module.virtualnetwork_management.random_id.telem"
          ]
        }
      ]
    },
    {
      "module": "module.virtualnetwork_management",
      "mode": "managed",
      "type": "azurerm_virtual_network",
      "name": "vnet",
      "provider": "provider[\"registry.terraform.io/hashicorp/azurerm\"]",
      "instances": [
        {
          "schema_version": 0,
          "attributes": {
            "address_space": [
              "100.127.3.0/24"
            ],
            "bgp_community": "",
            "ddos_protection_plan": [],
            "dns_servers": [],
            "edge_zone": "",
            "encryption": [],
            "flow_timeout_in_minutes": 0,
            "guid": "2f83ba2f-8bbd-4e78-af99-cccf682edf0d",
            "id": "/subscriptions/e22a351f-db36-4a02-9793-0f2189d5f3ab/resourceGroups/gcci-platform/providers/Microsoft.Network/virtualNetworks/gcci-vnet-management",
            "location": "southeastasia",
            "name": "gcci-vnet-management",
            "resource_group_name": "gcci-platform",
            "subnet": [],
            "tags": null,
            "timeouts": null
          },
          "sensitive_attributes": [],
          "private": "eyJlMmJmYjczMC1lY2FhLTExZTYtOGY4OC0zNDM2M2JjN2M0YzAiOnsiY3JlYXRlIjoxODAwMDAwMDAwMDAwLCJkZWxldGUiOjE4MDAwMDAwMDAwMDAsInJlYWQiOjMwMDAwMDAwMDAwMCwidXBkYXRlIjoxODAwMDAwMDAwMDAwfX0=",
          "dependencies": [
            "azurerm_resource_group.this"
          ]
        }
      ]
    },
    {
      "module": "module.virtualnetwork_management",
      "mode": "managed",
      "type": "random_id",
      "name": "telem",
      "provider": "provider[\"registry.terraform.io/hashicorp/random\"]",
      "instances": [
        {
          "index_key": 0,
          "schema_version": 0,
          "attributes": {
            "b64_std": "4pK5Wg==",
            "b64_url": "4pK5Wg",
            "byte_length": 4,
            "dec": "3801266522",
            "hex": "e292b95a",
            "id": "4pK5Wg",
            "keepers": null,
            "prefix": null
          },
          "sensitive_attributes": []
        }
      ]
    },
    {
      "module": "module.virtualnetwork_project",
      "mode": "managed",
      "type": "azurerm_resource_group_template_deployment",
      "name": "telemetry",
      "provider": "provider[\"registry.terraform.io/hashicorp/azurerm\"]",
      "instances": [
        {
          "index_key": 0,
          "schema_version": 0,
          "attributes": {
            "debug_level": "",
            "deployment_mode": "Incremental",
            "id": "/subscriptions/e22a351f-db36-4a02-9793-0f2189d5f3ab/resourceGroups/gcci-platform/providers/Microsoft.Resources/deployments/46d3xgtf.res.CHANGEME.v0-0-1.55bc2398",
            "name": "46d3xgtf.res.CHANGEME.v0-0-1.55bc2398",
            "output_content": "{\"telemetry\":{\"type\":\"String\",\"value\":\"For more information, see https://aka.ms/avm/telemetry\"}}",
            "parameters_content": "{}",
            "resource_group_name": "gcci-platform",
            "tags": null,
            "template_content": "{\"$schema\":\"https://schema.management.azure.com/schemas/2019-04-01/deploymentTemplate.json#\",\"contentVersion\":\"1.0.0.0\",\"outputs\":{\"telemetry\":{\"type\":\"String\",\"value\":\"For more information, see https://aka.ms/avm/telemetry\"}},\"parameters\":{},\"resources\":[],\"variables\":{}}",
            "template_spec_version_id": "",
            "timeouts": null
          },
          "sensitive_attributes": [],
          "private": "eyJlMmJmYjczMC1lY2FhLTExZTYtOGY4OC0zNDM2M2JjN2M0YzAiOnsiY3JlYXRlIjoxMDgwMDAwMDAwMDAwMCwiZGVsZXRlIjoxMDgwMDAwMDAwMDAwMCwicmVhZCI6MzAwMDAwMDAwMDAwLCJ1cGRhdGUiOjEwODAwMDAwMDAwMDAwfX0=",
          "dependencies": [
            "azurerm_resource_group.this",
            "module.virtualnetwork_project.random_id.telem"
          ]
        }
      ]
    },
    {
      "module": "module.virtualnetwork_project",
      "mode": "managed",
      "type": "azurerm_virtual_network",
      "name": "vnet",
      "provider": "provider[\"registry.terraform.io/hashicorp/azurerm\"]",
      "instances": [
        {
          "schema_version": 0,
          "attributes": {
            "address_space": [
              "100.64.0.0/23"
            ],
            "bgp_community": "",
            "ddos_protection_plan": [],
            "dns_servers": [],
            "edge_zone": "",
            "encryption": [],
            "flow_timeout_in_minutes": 0,
            "guid": "a0f59528-0704-4819-a11d-af77487f92a4",
            "id": "/subscriptions/e22a351f-db36-4a02-9793-0f2189d5f3ab/resourceGroups/gcci-platform/providers/Microsoft.Network/virtualNetworks/gcci-vnet-project",
            "location": "southeastasia",
            "name": "gcci-vnet-project",
            "resource_group_name": "gcci-platform",
            "subnet": [],
            "tags": null,
            "timeouts": null
          },
          "sensitive_attributes": [],
          "private": "eyJlMmJmYjczMC1lY2FhLTExZTYtOGY4OC0zNDM2M2JjN2M0YzAiOnsiY3JlYXRlIjoxODAwMDAwMDAwMDAwLCJkZWxldGUiOjE4MDAwMDAwMDAwMDAsInJlYWQiOjMwMDAwMDAwMDAwMCwidXBkYXRlIjoxODAwMDAwMDAwMDAwfX0=",
          "dependencies": [
            "azurerm_resource_group.this"
          ]
        }
      ]
    },
    {
      "module": "module.virtualnetwork_project",
      "mode": "managed",
      "type": "random_id",
      "name": "telem",
      "provider": "provider[\"registry.terraform.io/hashicorp/random\"]",
      "instances": [
        {
          "index_key": 0,
          "schema_version": 0,
          "attributes": {
            "b64_std": "VbwjmA==",
            "b64_url": "VbwjmA",
            "byte_length": 4,
            "dec": "1438393240",
            "hex": "55bc2398",
            "id": "VbwjmA",
            "keepers": null,
            "prefix": null
          },
          "sensitive_attributes": []
        }
      ]
    }
  ],
  "check_results": [
    {
      "object_kind": "var",
      "config_addr": "module.virtualnetwork_hub_intranet_ingress.var.diagnostic_settings",
      "status": "unknown",
      "objects": [
        {
          "object_addr": "module.virtualnetwork_hub_intranet_ingress.var.diagnostic_settings",
          "status": "unknown"
        }
      ]
    },
    {
      "object_kind": "var",
      "config_addr": "module.virtualnetwork_hub_intranet_egress.var.lock",
      "status": "unknown",
      "objects": [
        {
          "object_addr": "module.virtualnetwork_hub_intranet_egress.var.lock",
          "status": "unknown"
        }
      ]
    },
    {
      "object_kind": "var",
      "config_addr": "module.virtualnetwork_hub_intranet_ingress.var.virtual_network_address_space",
      "status": "pass",
      "objects": [
        {
          "object_addr": "module.virtualnetwork_hub_intranet_ingress.var.virtual_network_address_space",
          "status": "pass"
        }
      ]
    },
    {
      "object_kind": "var",
      "config_addr": "module.virtualnetwork_project.var.diagnostic_settings",
      "status": "unknown",
      "objects": [
        {
          "object_addr": "module.virtualnetwork_project.var.diagnostic_settings",
          "status": "unknown"
        }
      ]
    },
    {
      "object_kind": "var",
      "config_addr": "module.virtualnetwork_devops.var.lock",
      "status": "unknown",
      "objects": [
        {
          "object_addr": "module.virtualnetwork_devops.var.lock",
          "status": "unknown"
        }
      ]
    },
    {
      "object_kind": "var",
      "config_addr": "module.virtualnetwork_hub_intranet_ingress.var.lock",
      "status": "unknown",
      "objects": [
        {
          "object_addr": "module.virtualnetwork_hub_intranet_ingress.var.lock",
          "status": "unknown"
        }
      ]
    },
    {
      "object_kind": "var",
      "config_addr": "module.virtualnetwork_hub_intranet_egress.var.virtual_network_address_space",
      "status": "pass",
      "objects": [
        {
          "object_addr": "module.virtualnetwork_hub_intranet_egress.var.virtual_network_address_space",
          "status": "pass"
        }
      ]
    },
    {
      "object_kind": "var",
      "config_addr": "module.virtualnetwork_project.var.lock",
      "status": "unknown",
      "objects": [
        {
          "object_addr": "module.virtualnetwork_project.var.lock",
          "status": "unknown"
        }
      ]
    },
    {
      "object_kind": "var",
      "config_addr": "module.virtualnetwork_devops.var.virtual_network_address_space",
      "status": "pass",
      "objects": [
        {
          "object_addr": "module.virtualnetwork_devops.var.virtual_network_address_space",
          "status": "pass"
        }
      ]
    },
    {
      "object_kind": "var",
      "config_addr": "module.virtualnetwork_management.var.diagnostic_settings",
      "status": "unknown",
      "objects": [
        {
          "object_addr": "module.virtualnetwork_management.var.diagnostic_settings",
          "status": "unknown"
        }
      ]
    },
    {
      "object_kind": "var",
      "config_addr": "module.virtualnetwork_project.var.virtual_network_address_space",
      "status": "pass",
      "objects": [
        {
          "object_addr": "module.virtualnetwork_project.var.virtual_network_address_space",
          "status": "pass"
        }
      ]
    },
    {
      "object_kind": "var",
      "config_addr": "module.log_analytics_workspace.var.sku",
      "status": "pass",
      "objects": [
        {
          "object_addr": "module.log_analytics_workspace.var.sku",
          "status": "pass"
        }
      ]
    },
    {
      "object_kind": "var",
      "config_addr": "module.virtualnetwork_management.var.virtual_network_address_space",
      "status": "pass",
      "objects": [
        {
          "object_addr": "module.virtualnetwork_management.var.virtual_network_address_space",
          "status": "pass"
        }
      ]
    },
    {
      "object_kind": "var",
      "config_addr": "module.virtualnetwork_devops.var.diagnostic_settings",
      "status": "unknown",
      "objects": [
        {
          "object_addr": "module.virtualnetwork_devops.var.diagnostic_settings",
          "status": "unknown"
        }
      ]
    },
    {
      "object_kind": "var",
      "config_addr": "module.virtualnetwork_hub_internet_egress.var.diagnostic_settings",
      "status": "unknown",
      "objects": [
        {
          "object_addr": "module.virtualnetwork_hub_internet_egress.var.diagnostic_settings",
          "status": "unknown"
        }
      ]
    },
    {
      "object_kind": "var",
      "config_addr": "module.virtualnetwork_hub_internet_ingress.var.diagnostic_settings",
      "status": "unknown",
      "objects": [
        {
          "object_addr": "module.virtualnetwork_hub_internet_ingress.var.diagnostic_settings",
          "status": "unknown"
        }
      ]
    },
    {
      "object_kind": "var",
      "config_addr": "module.virtualnetwork_hub_internet_ingress.var.lock",
      "status": "unknown",
      "objects": [
        {
          "object_addr": "module.virtualnetwork_hub_internet_ingress.var.lock",
          "status": "unknown"
        }
      ]
    },
    {
      "object_kind": "var",
      "config_addr": "module.virtualnetwork_hub_intranet_egress.var.diagnostic_settings",
      "status": "unknown",
      "objects": [
        {
          "object_addr": "module.virtualnetwork_hub_intranet_egress.var.diagnostic_settings",
          "status": "unknown"
        }
      ]
    },
    {
      "object_kind": "var",
      "config_addr": "module.virtualnetwork_hub_internet_egress.var.virtual_network_address_space",
      "status": "pass",
      "objects": [
        {
          "object_addr": "module.virtualnetwork_hub_internet_egress.var.virtual_network_address_space",
          "status": "pass"
        }
      ]
    },
    {
      "object_kind": "var",
      "config_addr": "module.virtualnetwork_hub_internet_ingress.var.virtual_network_address_space",
      "status": "pass",
      "objects": [
        {
          "object_addr": "module.virtualnetwork_hub_internet_ingress.var.virtual_network_address_space",
          "status": "pass"
        }
      ]
    },
    {
      "object_kind": "var",
      "config_addr": "module.virtualnetwork_management.var.lock",
      "status": "unknown",
      "objects": [
        {
          "object_addr": "module.virtualnetwork_management.var.lock",
          "status": "unknown"
        }
      ]
    },
    {
      "object_kind": "var",
      "config_addr": "module.virtualnetwork_hub_internet_egress.var.lock",
      "status": "unknown",
      "objects": [
        {
          "object_addr": "module.virtualnetwork_hub_internet_egress.var.lock",
          "status": "unknown"
        }
      ]
    }
  ]
}
